{
  "name": "hng_stage_0",
  "version": "1.0.0",
  "lockfileVersion": 3,
  "requires": true,
  "packages": {
    "": {
      "name": "hng_stage_0",
      "version": "1.0.0",
      "license": "ISC",
      "dependencies": {
        "remixicon": "^4.7.0"
      }
    },
    "node_modules/remixicon": {
      "version": "4.7.0",
      "resolved": "https://registry.npmjs.org/remixicon/-/remixicon-4.7.0.tgz",
      "integrity": "sha512-g2pHOofQWARWpxdbrQu5+K3C8ZbqguQFzE54HIMWFCpFa63pumaAltIgZmFMRQpKKBScRWQASQfWxS9asNCcHQ==",
      "license": "Apache-2.0"
    }
  }
}
